
Microsoft Visual Studio Solution File, Format Version 12.00
# Visual Studio Version 17
VisualStudioVersion = 17.8.34330.188
MinimumVisualStudioVersion = 10.0.40219.1
Project("{9A19103F-16F7-4668-BE54-9A1E7A4F7556}") = "BLIT", "BLIT.csproj", "{C54780D4-5711-45D9-84E9-FCAE94A9776D}"
EndProject
Project("{9A19103F-16F7-4668-BE54-9A1E7A4F7556}") = "BLIT.Banner", "..\BLIT.Banner\BLIT.Banner.csproj", "{C031B34C-79EC-4A96-9538-AA9150E6BCEF}"
EndProject
Project("{9A19103F-16F7-4668-BE54-9A1E7A4F7556}") = "BLIT.Sprite", "..\BLIT.Sprite\BLIT.Sprite.csproj", "{91D7EB2C-A69A-4413-BFB0-5E97B01EB1F8}"
EndProject
Global
	GlobalSection(SolutionConfigurationPlatforms) = preSolution
		Debug|Any CPU = Debug|Any CPU
		ExportDebug|Any CPU = ExportDebug|Any CPU
		ExportRelease|Any CPU = ExportRelease|Any CPU
		Release|Any CPU = Release|Any CPU
	EndGlobalSection
	GlobalSection(ProjectConfigurationPlatforms) = postSolution
		{C54780D4-5711-45D9-84E9-FCAE94A9776D}.Debug|Any CPU.ActiveCfg = Debug|Any CPU
		{C54780D4-5711-45D9-84E9-FCAE94A9776D}.Debug|Any CPU.Build.0 = Debug|Any CPU
		{C54780D4-5711-45D9-84E9-FCAE94A9776D}.ExportDebug|Any CPU.ActiveCfg = ExportDebug|Any CPU
		{C54780D4-5711-45D9-84E9-FCAE94A9776D}.ExportDebug|Any CPU.Build.0 = ExportDebug|Any CPU
		{C54780D4-5711-45D9-84E9-FCAE94A9776D}.ExportRelease|Any CPU.ActiveCfg = ExportRelease|Any CPU
		{C54780D4-5711-45D9-84E9-FCAE94A9776D}.ExportRelease|Any CPU.Build.0 = ExportRelease|Any CPU
		{C54780D4-5711-45D9-84E9-FCAE94A9776D}.Release|Any CPU.ActiveCfg = ExportRelease|Any CPU
		{C54780D4-5711-45D9-84E9-FCAE94A9776D}.Release|Any CPU.Build.0 = ExportRelease|Any CPU
		{C031B34C-79EC-4A96-9538-AA9150E6BCEF}.Debug|Any CPU.ActiveCfg = Debug|Any CPU
		{C031B34C-79EC-4A96-9538-AA9150E6BCEF}.Debug|Any CPU.Build.0 = Debug|Any CPU
		{C031B34C-79EC-4A96-9538-AA9150E6BCEF}.ExportDebug|Any CPU.ActiveCfg = Debug|Any CPU
		{C031B34C-79EC-4A96-9538-AA9150E6BCEF}.ExportDebug|Any CPU.Build.0 = Debug|Any CPU
		{C031B34C-79EC-4A96-9538-AA9150E6BCEF}.ExportRelease|Any CPU.ActiveCfg = Release|Any CPU
		{C031B34C-79EC-4A96-9538-AA9150E6BCEF}.ExportRelease|Any CPU.Build.0 = Release|Any CPU
		{C031B34C-79EC-4A96-9538-AA9150E6BCEF}.Release|Any CPU.ActiveCfg = Release|Any CPU
		{C031B34C-79EC-4A96-9538-AA9150E6BCEF}.Release|Any CPU.Build.0 = Release|Any CPU
		{91D7EB2C-A69A-4413-BFB0-5E97B01EB1F8}.Debug|Any CPU.ActiveCfg = Debug|Any CPU
		{91D7EB2C-A69A-4413-BFB0-5E97B01EB1F8}.Debug|Any CPU.Build.0 = Debug|Any CPU
		{91D7EB2C-A69A-4413-BFB0-5E97B01EB1F8}.ExportDebug|Any CPU.ActiveCfg = Debug|Any CPU
		{91D7EB2C-A69A-4413-BFB0-5E97B01EB1F8}.ExportDebug|Any CPU.Build.0 = Debug|Any CPU
		{91D7EB2C-A69A-4413-BFB0-5E97B01EB1F8}.ExportRelease|Any CPU.ActiveCfg = Release|Any CPU
		{91D7EB2C-A69A-4413-BFB0-5E97B01EB1F8}.ExportRelease|Any CPU.Build.0 = Release|Any CPU
		{91D7EB2C-A69A-4413-BFB0-5E97B01EB1F8}.Release|Any CPU.ActiveCfg = Release|Any CPU
		{91D7EB2C-A69A-4413-BFB0-5E97B01EB1F8}.Release|Any CPU.Build.0 = Release|Any CPU
	EndGlobalSection
	GlobalSection(SolutionProperties) = preSolution
		HideSolutionNode = FALSE
	EndGlobalSection
EndGlobal
